Microsoft Visual Studio Solution File, Format Version 11.00
# Visual Studio 2008

Project("{6952B830-8E11-7769-61AC-E22B786D6F01}") = "AnimationsGameTech", "Assembly-CSharp.csproj", "{675E6D33-3280-A198-A5F4-35A4513CD3F3}"
EndProject
Global
	GlobalSection(SolutionConfigurationPlatforms) = preSolution
		Debug|Any CPU = Debug|Any CPU
		Release|Any CPU = Release|Any CPU
	EndGlobalSection
	GlobalSection(ProjectConfigurationPlatforms) = postSolution
		{675E6D33-3280-A198-A5F4-35A4513CD3F3}.Debug|Any CPU.ActiveCfg = Debug|Any CPU
		{675E6D33-3280-A198-A5F4-35A4513CD3F3}.Debug|Any CPU.Build.0 = Debug|Any CPU
		{675E6D33-3280-A198-A5F4-35A4513CD3F3}.Release|Any CPU.ActiveCfg = Release|Any CPU
		{675E6D33-3280-A198-A5F4-35A4513CD3F3}.Release|Any CPU.Build.0 = Release|Any CPU
	EndGlobalSection
	GlobalSection(SolutionProperties) = preSolution
		HideSolutionNode = FALSE
	EndGlobalSection
	GlobalSection(MonoDevelopProperties) = preSolution
		StartupItem = Assembly-CSharp.csproj
	EndGlobalSection
EndGlobal
